
Microsoft Visual Studio Solution File, Format Version 12.00
# Visual Studio Version 17
VisualStudioVersion = 17.10.34928.147
MinimumVisualStudioVersion = 10.0.40219.1
Project("{FAE04EC0-301F-11D3-BF4B-00C04F79EFBC}") = "CreateGrowingArray", "CreateGrowingArray\CreateGrowingArray.csproj", "{DD14CBA7-3ACB-4F5B-BFB2-AAE7FB1AB440}"
EndProject
Global
	GlobalSection(SolutionConfigurationPlatforms) = preSolution
		Debug|Any CPU = Debug|Any CPU
		Release|Any CPU = Release|Any CPU
	EndGlobalSection
	GlobalSection(ProjectConfigurationPlatforms) = postSolution
		{DD14CBA7-3ACB-4F5B-BFB2-AAE7FB1AB440}.Debug|Any CPU.ActiveCfg = Debug|Any CPU
		{DD14CBA7-3ACB-4F5B-BFB2-AAE7FB1AB440}.Debug|Any CPU.Build.0 = Debug|Any CPU
		{DD14CBA7-3ACB-4F5B-BFB2-AAE7FB1AB440}.Release|Any CPU.ActiveCfg = Release|Any CPU
		{DD14CBA7-3ACB-4F5B-BFB2-AAE7FB1AB440}.Release|Any CPU.Build.0 = Release|Any CPU
	EndGlobalSection
	GlobalSection(SolutionProperties) = preSolution
		HideSolutionNode = FALSE
	EndGlobalSection
	GlobalSection(ExtensibilityGlobals) = postSolution
		SolutionGuid = {823D17D4-ED15-4CE3-B312-78E208A3435F}
	EndGlobalSection
EndGlobal
